
Microsoft Visual Studio Solution File, Format Version 12.00
# Visual Studio Version 17
VisualStudioVersion = 17.1.32210.238
MinimumVisualStudioVersion = 10.0.40219.1
Project("{FAE04EC0-301F-11D3-BF4B-00C04F79EFBC}") = "PotentialMethod", "PotentialMethod\PotentialMethod.csproj", "{0ADC4497-FF83-4512-B379-71C48E158DA5}"
EndProject
Global
	GlobalSection(SolutionConfigurationPlatforms) = preSolution
		Debug|Any CPU = Debug|Any CPU
		Release|Any CPU = Release|Any CPU
	EndGlobalSection
	GlobalSection(ProjectConfigurationPlatforms) = postSolution
		{0ADC4497-FF83-4512-B379-71C48E158DA5}.Debug|Any CPU.ActiveCfg = Debug|Any CPU
		{0ADC4497-FF83-4512-B379-71C48E158DA5}.Debug|Any CPU.Build.0 = Debug|Any CPU
		{0ADC4497-FF83-4512-B379-71C48E158DA5}.Release|Any CPU.ActiveCfg = Release|Any CPU
		{0ADC4497-FF83-4512-B379-71C48E158DA5}.Release|Any CPU.Build.0 = Release|Any CPU
	EndGlobalSection
	GlobalSection(SolutionProperties) = preSolution
		HideSolutionNode = FALSE
	EndGlobalSection
	GlobalSection(ExtensibilityGlobals) = postSolution
		SolutionGuid = {26F83730-0330-4BE0-8DAD-970032D35CD8}
	EndGlobalSection
EndGlobal
